# THIS IS AN AUTOGENERATED FILE. DO NOT EDIT THIS FILE DIRECTLY.
# yarn lockfile v1


node-css@^0.1.0:
  version "0.1.0"
  resolved "https://registry.yarnpkg.com/node-css/-/node-css-0.1.0.tgz#61482945f76a433a06dfc62bd5babb75442ae98f"
  integrity sha512-+mK04n63zjO8aTsRHGvjlMU2v5xKnFtZmdVENMGxvCSexvuwEQdtbcfSgqlRUrDI/kxdRbLggjq95md/lZHzwg==
